
Microsoft Visual Studio Solution File, Format Version 12.00
# Visual Studio Version 16
VisualStudioVersion = 16.0.31613.86
MinimumVisualStudioVersion = 10.0.40219.1
Project("{FAE04EC0-301F-11D3-BF4B-00C04F79EFBC}") = "MezclaNatural", "MezclaNatural\MezclaNatural.csproj", "{482E5CD1-77AD-4B72-9658-8977428A01F8}"
EndProject
Global
	GlobalSection(SolutionConfigurationPlatforms) = preSolution
		Debug|Any CPU = Debug|Any CPU
		Release|Any CPU = Release|Any CPU
	EndGlobalSection
	GlobalSection(ProjectConfigurationPlatforms) = postSolution
		{482E5CD1-77AD-4B72-9658-8977428A01F8}.Debug|Any CPU.ActiveCfg = Debug|Any CPU
		{482E5CD1-77AD-4B72-9658-8977428A01F8}.Debug|Any CPU.Build.0 = Debug|Any CPU
		{482E5CD1-77AD-4B72-9658-8977428A01F8}.Release|Any CPU.ActiveCfg = Release|Any CPU
		{482E5CD1-77AD-4B72-9658-8977428A01F8}.Release|Any CPU.Build.0 = Release|Any CPU
	EndGlobalSection
	GlobalSection(SolutionProperties) = preSolution
		HideSolutionNode = FALSE
	EndGlobalSection
	GlobalSection(ExtensibilityGlobals) = postSolution
		SolutionGuid = {F57548AB-1299-49EF-A99E-6BCBC002A057}
	EndGlobalSection
EndGlobal
